
Microsoft Visual Studio Solution File, Format Version 12.00
# Visual Studio Version 17
VisualStudioVersion = 17.5.002.0
MinimumVisualStudioVersion = 10.0.40219.1
Project("{9A19103F-16F7-4668-BE54-9A1E7A4F7556}") = "Ex16_Cardapio", "Ex16_Cardapio.csproj", "{3E07DA99-D62A-4286-80D5-A42BC0AD7A37}"
EndProject
Global
	GlobalSection(SolutionConfigurationPlatforms) = preSolution
		Debug|Any CPU = Debug|Any CPU
		Release|Any CPU = Release|Any CPU
	EndGlobalSection
	GlobalSection(ProjectConfigurationPlatforms) = postSolution
		{3E07DA99-D62A-4286-80D5-A42BC0AD7A37}.Debug|Any CPU.ActiveCfg = Debug|Any CPU
		{3E07DA99-D62A-4286-80D5-A42BC0AD7A37}.Debug|Any CPU.Build.0 = Debug|Any CPU
		{3E07DA99-D62A-4286-80D5-A42BC0AD7A37}.Release|Any CPU.ActiveCfg = Release|Any CPU
		{3E07DA99-D62A-4286-80D5-A42BC0AD7A37}.Release|Any CPU.Build.0 = Release|Any CPU
	EndGlobalSection
	GlobalSection(SolutionProperties) = preSolution
		HideSolutionNode = FALSE
	EndGlobalSection
	GlobalSection(ExtensibilityGlobals) = postSolution
		SolutionGuid = {5831031F-4FD4-4911-BA09-90D7A6DA0FF1}
	EndGlobalSection
EndGlobal
