
Microsoft Visual Studio Solution File, Format Version 12.00
# Visual Studio Version 17
VisualStudioVersion = 17.5.002.0
MinimumVisualStudioVersion = 10.0.40219.1
Project("{9A19103F-16F7-4668-BE54-9A1E7A4F7556}") = "Ex1_CalculoEuclidiano", "Ex1_CalculoEuclidiano.csproj", "{F32F039C-EC0C-4A39-B2BE-A6273E845EF6}"
EndProject
Global
	GlobalSection(SolutionConfigurationPlatforms) = preSolution
		Debug|Any CPU = Debug|Any CPU
		Release|Any CPU = Release|Any CPU
	EndGlobalSection
	GlobalSection(ProjectConfigurationPlatforms) = postSolution
		{F32F039C-EC0C-4A39-B2BE-A6273E845EF6}.Debug|Any CPU.ActiveCfg = Debug|Any CPU
		{F32F039C-EC0C-4A39-B2BE-A6273E845EF6}.Debug|Any CPU.Build.0 = Debug|Any CPU
		{F32F039C-EC0C-4A39-B2BE-A6273E845EF6}.Release|Any CPU.ActiveCfg = Release|Any CPU
		{F32F039C-EC0C-4A39-B2BE-A6273E845EF6}.Release|Any CPU.Build.0 = Release|Any CPU
	EndGlobalSection
	GlobalSection(SolutionProperties) = preSolution
		HideSolutionNode = FALSE
	EndGlobalSection
	GlobalSection(ExtensibilityGlobals) = postSolution
		SolutionGuid = {1CB905F8-665B-485B-BDA6-4C3B6215B2B0}
	EndGlobalSection
EndGlobal
