
Microsoft Visual Studio Solution File, Format Version 12.00
# Visual Studio Version 17
VisualStudioVersion = 17.5.002.0
MinimumVisualStudioVersion = 10.0.40219.1
Project("{9A19103F-16F7-4668-BE54-9A1E7A4F7556}") = "ExercicioNatal24_09_24", "ExercicioNatal24_09_24.csproj", "{4B8A3CFB-E849-4717-ABB5-767E31DFE657}"
EndProject
Global
	GlobalSection(SolutionConfigurationPlatforms) = preSolution
		Debug|Any CPU = Debug|Any CPU
		Release|Any CPU = Release|Any CPU
	EndGlobalSection
	GlobalSection(ProjectConfigurationPlatforms) = postSolution
		{4B8A3CFB-E849-4717-ABB5-767E31DFE657}.Debug|Any CPU.ActiveCfg = Debug|Any CPU
		{4B8A3CFB-E849-4717-ABB5-767E31DFE657}.Debug|Any CPU.Build.0 = Debug|Any CPU
		{4B8A3CFB-E849-4717-ABB5-767E31DFE657}.Release|Any CPU.ActiveCfg = Release|Any CPU
		{4B8A3CFB-E849-4717-ABB5-767E31DFE657}.Release|Any CPU.Build.0 = Release|Any CPU
	EndGlobalSection
	GlobalSection(SolutionProperties) = preSolution
		HideSolutionNode = FALSE
	EndGlobalSection
	GlobalSection(ExtensibilityGlobals) = postSolution
		SolutionGuid = {35243E9C-E185-4D30-A3A5-0F503211A69C}
	EndGlobalSection
EndGlobal
