
Microsoft Visual Studio Solution File, Format Version 12.00
# Visual Studio Version 17
VisualStudioVersion = 17.5.002.0
MinimumVisualStudioVersion = 10.0.40219.1
Project("{9A19103F-16F7-4668-BE54-9A1E7A4F7556}") = "Ex20_TotalDeVendas", "Ex20_TotalDeVendas.csproj", "{63BC951E-CC46-469D-A35F-083B670C63E0}"
EndProject
Global
	GlobalSection(SolutionConfigurationPlatforms) = preSolution
		Debug|Any CPU = Debug|Any CPU
		Release|Any CPU = Release|Any CPU
	EndGlobalSection
	GlobalSection(ProjectConfigurationPlatforms) = postSolution
		{63BC951E-CC46-469D-A35F-083B670C63E0}.Debug|Any CPU.ActiveCfg = Debug|Any CPU
		{63BC951E-CC46-469D-A35F-083B670C63E0}.Debug|Any CPU.Build.0 = Debug|Any CPU
		{63BC951E-CC46-469D-A35F-083B670C63E0}.Release|Any CPU.ActiveCfg = Release|Any CPU
		{63BC951E-CC46-469D-A35F-083B670C63E0}.Release|Any CPU.Build.0 = Release|Any CPU
	EndGlobalSection
	GlobalSection(SolutionProperties) = preSolution
		HideSolutionNode = FALSE
	EndGlobalSection
	GlobalSection(ExtensibilityGlobals) = postSolution
		SolutionGuid = {350125F0-FACF-4C33-B5F9-3E41DB0B7A7D}
	EndGlobalSection
EndGlobal
